
Microsoft Visual Studio Solution File, Format Version 12.00
# Visual Studio 15
VisualStudioVersion = 15.0.28010.2036
MinimumVisualStudioVersion = 10.0.40219.1
Project("{FAE04EC0-301F-11D3-BF4B-00C04F79EFBC}") = "IT-Tools-Device-Manager_WPF", "IT-Tools-Device-Manager_WPF\IT-Tools-Device-Manager_WPF.csproj", "{CFAE2E5E-0AAA-4326-B918-288401212905}"
EndProject
Global
	GlobalSection(SolutionConfigurationPlatforms) = preSolution
		Debug|Any CPU = Debug|Any CPU
		Release|Any CPU = Release|Any CPU
	EndGlobalSection
	GlobalSection(ProjectConfigurationPlatforms) = postSolution
		{CFAE2E5E-0AAA-4326-B918-288401212905}.Debug|Any CPU.ActiveCfg = Debug|Any CPU
		{CFAE2E5E-0AAA-4326-B918-288401212905}.Debug|Any CPU.Build.0 = Debug|Any CPU
		{CFAE2E5E-0AAA-4326-B918-288401212905}.Release|Any CPU.ActiveCfg = Release|Any CPU
		{CFAE2E5E-0AAA-4326-B918-288401212905}.Release|Any CPU.Build.0 = Release|Any CPU
	EndGlobalSection
	GlobalSection(SolutionProperties) = preSolution
		HideSolutionNode = FALSE
	EndGlobalSection
	GlobalSection(ExtensibilityGlobals) = postSolution
		SolutionGuid = {D740FCCF-1A63-46BE-89E4-BA1932F9E04C}
	EndGlobalSection
EndGlobal
